Microsoft Visual Studio Solution File, Format Version 12.00
# Visual Studio Version 17
VisualStudioVersion = 17.5.2.0
MinimumVisualStudioVersion = 10.0.40219.1
Project("{FAE04EC0-301F-11D3-BF4B-00C04F79EFBC}") = "csharp-01", "csharp-01.csproj", "{8D643990-EE12-0DA4-0613-8F7D9BE2C4FE}"
EndProject
Global
	GlobalSection(SolutionConfigurationPlatforms) = preSolution
		Debug|Any CPU = Debug|Any CPU
		Release|Any CPU = Release|Any CPU
	EndGlobalSection
	GlobalSection(ProjectConfigurationPlatforms) = postSolution
		{8D643990-EE12-0DA4-0613-8F7D9BE2C4FE}.Debug|Any CPU.ActiveCfg = Debug|Any CPU
		{8D643990-EE12-0DA4-0613-8F7D9BE2C4FE}.Debug|Any CPU.Build.0 = Debug|Any CPU
		{8D643990-EE12-0DA4-0613-8F7D9BE2C4FE}.Release|Any CPU.ActiveCfg = Release|Any CPU
		{8D643990-EE12-0DA4-0613-8F7D9BE2C4FE}.Release|Any CPU.Build.0 = Release|Any CPU
	EndGlobalSection
	GlobalSection(SolutionProperties) = preSolution
		HideSolutionNode = FALSE
	EndGlobalSection
	GlobalSection(ExtensibilityGlobals) = postSolution
		SolutionGuid = {AF6C8045-73C9-47BB-A337-21A537349434}
	EndGlobalSection
EndGlobal
